
Microsoft Visual Studio Solution File, Format Version 12.00
# Visual Studio Version 17
VisualStudioVersion = 17.13.35818.85 d17.13
MinimumVisualStudioVersion = 10.0.40219.1
Project("{FAE04EC0-301F-11D3-BF4B-00C04F79EFBC}") = "hotelApp", "hotelApp\hotelApp.csproj", "{11F35033-306E-43B4-A314-5C0941752B4E}"
EndProject
Global
	GlobalSection(SolutionConfigurationPlatforms) = preSolution
		Debug|Any CPU = Debug|Any CPU
		Release|Any CPU = Release|Any CPU
	EndGlobalSection
	GlobalSection(ProjectConfigurationPlatforms) = postSolution
		{11F35033-306E-43B4-A314-5C0941752B4E}.Debug|Any CPU.ActiveCfg = Debug|Any CPU
		{11F35033-306E-43B4-A314-5C0941752B4E}.Debug|Any CPU.Build.0 = Debug|Any CPU
		{11F35033-306E-43B4-A314-5C0941752B4E}.Release|Any CPU.ActiveCfg = Release|Any CPU
		{11F35033-306E-43B4-A314-5C0941752B4E}.Release|Any CPU.Build.0 = Release|Any CPU
	EndGlobalSection
	GlobalSection(SolutionProperties) = preSolution
		HideSolutionNode = FALSE
	EndGlobalSection
	GlobalSection(ExtensibilityGlobals) = postSolution
		SolutionGuid = {62AEA0C6-D96A-43B9-9BFB-A90EF8DFD05D}
	EndGlobalSection
EndGlobal
